
Microsoft Visual Studio Solution File, Format Version 12.00
# Visual Studio Version 16
VisualStudioVersion = 16.0.29424.173
MinimumVisualStudioVersion = 10.0.40219.1
Project("{9A19103F-16F7-4668-BE54-9A1E7A4F7556}") = "ppedv.FixDox.Model", "ppedv.FixDox.Model\ppedv.FixDox.Model.csproj", "{8A4FFC77-7CA9-40B0-B47D-481A426628FB}"
EndProject
Project("{FAE04EC0-301F-11D3-BF4B-00C04F79EFBC}") = "ppedv.FixDox.Data.EF", "ppedv.FixDox.Data.EF\ppedv.FixDox.Data.EF.csproj", "{2027205B-4957-45B3-A174-B5886C68D0B4}"
EndProject
Project("{FAE04EC0-301F-11D3-BF4B-00C04F79EFBC}") = "ppedv.FixDox.Data.EF.Tests", "ppedv.FixDox.Data.EF.Tests\ppedv.FixDox.Data.EF.Tests.csproj", "{5ABBE556-362D-4E05-8290-2D7913869676}"
EndProject
Global
	GlobalSection(SolutionConfigurationPlatforms) = preSolution
		Debug|Any CPU = Debug|Any CPU
		Release|Any CPU = Release|Any CPU
	EndGlobalSection
	GlobalSection(ProjectConfigurationPlatforms) = postSolution
		{8A4FFC77-7CA9-40B0-B47D-481A426628FB}.Debug|Any CPU.ActiveCfg = Debug|Any CPU
		{8A4FFC77-7CA9-40B0-B47D-481A426628FB}.Debug|Any CPU.Build.0 = Debug|Any CPU
		{8A4FFC77-7CA9-40B0-B47D-481A426628FB}.Release|Any CPU.ActiveCfg = Release|Any CPU
		{8A4FFC77-7CA9-40B0-B47D-481A426628FB}.Release|Any CPU.Build.0 = Release|Any CPU
		{2027205B-4957-45B3-A174-B5886C68D0B4}.Debug|Any CPU.ActiveCfg = Debug|Any CPU
		{2027205B-4957-45B3-A174-B5886C68D0B4}.Debug|Any CPU.Build.0 = Debug|Any CPU
		{2027205B-4957-45B3-A174-B5886C68D0B4}.Release|Any CPU.ActiveCfg = Release|Any CPU
		{2027205B-4957-45B3-A174-B5886C68D0B4}.Release|Any CPU.Build.0 = Release|Any CPU
		{5ABBE556-362D-4E05-8290-2D7913869676}.Debug|Any CPU.ActiveCfg = Debug|Any CPU
		{5ABBE556-362D-4E05-8290-2D7913869676}.Debug|Any CPU.Build.0 = Debug|Any CPU
		{5ABBE556-362D-4E05-8290-2D7913869676}.Release|Any CPU.ActiveCfg = Release|Any CPU
		{5ABBE556-362D-4E05-8290-2D7913869676}.Release|Any CPU.Build.0 = Release|Any CPU
	EndGlobalSection
	GlobalSection(SolutionProperties) = preSolution
		HideSolutionNode = FALSE
	EndGlobalSection
	GlobalSection(ExtensibilityGlobals) = postSolution
		SolutionGuid = {A47978E3-97CE-452F-A171-DFA0AA9F203A}
	EndGlobalSection
EndGlobal
