
Microsoft Visual Studio Solution File, Format Version 12.00
# Visual Studio Version 16
VisualStudioVersion = 16.0.29424.173
MinimumVisualStudioVersion = 10.0.40219.1
Project("{FAE04EC0-301F-11D3-BF4B-00C04F79EFBC}") = "WCFBank", "WCFBank\WCFBank.csproj", "{8702F43D-C42F-4A5E-9FB2-4403D96569AE}"
EndProject
Global
	GlobalSection(SolutionConfigurationPlatforms) = preSolution
		Debug|Any CPU = Debug|Any CPU
		Release|Any CPU = Release|Any CPU
	EndGlobalSection
	GlobalSection(ProjectConfigurationPlatforms) = postSolution
		{8702F43D-C42F-4A5E-9FB2-4403D96569AE}.Debug|Any CPU.ActiveCfg = Debug|Any CPU
		{8702F43D-C42F-4A5E-9FB2-4403D96569AE}.Debug|Any CPU.Build.0 = Debug|Any CPU
		{8702F43D-C42F-4A5E-9FB2-4403D96569AE}.Release|Any CPU.ActiveCfg = Release|Any CPU
		{8702F43D-C42F-4A5E-9FB2-4403D96569AE}.Release|Any CPU.Build.0 = Release|Any CPU
	EndGlobalSection
	GlobalSection(SolutionProperties) = preSolution
		HideSolutionNode = FALSE
	EndGlobalSection
	GlobalSection(ExtensibilityGlobals) = postSolution
		SolutionGuid = {6CC131AE-66A9-4D7A-9734-DE690743F242}
	EndGlobalSection
EndGlobal
